
Microsoft Visual Studio Solution File, Format Version 12.00
# Visual Studio Version 16
VisualStudioVersion = 16.0.31410.357
MinimumVisualStudioVersion = 10.0.40219.1
Project("{FAE04EC0-301F-11D3-BF4B-00C04F79EFBC}") = "TestWeek2", "TestWeek2\TestWeek2.csproj", "{ED29C9DD-09E1-4A3C-820C-A47CFF4B1C62}"
EndProject
Project("{FAE04EC0-301F-11D3-BF4B-00C04F79EFBC}") = "TestWeek2.Execute", "TestWeek2.Execute\TestWeek2.Execute.csproj", "{9C2310EF-F6BE-43B1-A8EE-CF715D308BC6}"
EndProject
Project("{FAE04EC0-301F-11D3-BF4B-00C04F79EFBC}") = "TestWeek2.Exe", "TestWeek2.Exe\TestWeek2.Exe.csproj", "{F9B00242-EF15-49B1-BAB5-3F7BE83EE201}"
EndProject
Global
	GlobalSection(SolutionConfigurationPlatforms) = preSolution
		Debug|Any CPU = Debug|Any CPU
		Release|Any CPU = Release|Any CPU
	EndGlobalSection
	GlobalSection(ProjectConfigurationPlatforms) = postSolution
		{ED29C9DD-09E1-4A3C-820C-A47CFF4B1C62}.Debug|Any CPU.ActiveCfg = Debug|Any CPU
		{ED29C9DD-09E1-4A3C-820C-A47CFF4B1C62}.Debug|Any CPU.Build.0 = Debug|Any CPU
		{ED29C9DD-09E1-4A3C-820C-A47CFF4B1C62}.Release|Any CPU.ActiveCfg = Release|Any CPU
		{ED29C9DD-09E1-4A3C-820C-A47CFF4B1C62}.Release|Any CPU.Build.0 = Release|Any CPU
		{9C2310EF-F6BE-43B1-A8EE-CF715D308BC6}.Debug|Any CPU.ActiveCfg = Debug|Any CPU
		{9C2310EF-F6BE-43B1-A8EE-CF715D308BC6}.Debug|Any CPU.Build.0 = Debug|Any CPU
		{9C2310EF-F6BE-43B1-A8EE-CF715D308BC6}.Release|Any CPU.ActiveCfg = Release|Any CPU
		{9C2310EF-F6BE-43B1-A8EE-CF715D308BC6}.Release|Any CPU.Build.0 = Release|Any CPU
		{F9B00242-EF15-49B1-BAB5-3F7BE83EE201}.Debug|Any CPU.ActiveCfg = Debug|Any CPU
		{F9B00242-EF15-49B1-BAB5-3F7BE83EE201}.Debug|Any CPU.Build.0 = Debug|Any CPU
		{F9B00242-EF15-49B1-BAB5-3F7BE83EE201}.Release|Any CPU.ActiveCfg = Release|Any CPU
		{F9B00242-EF15-49B1-BAB5-3F7BE83EE201}.Release|Any CPU.Build.0 = Release|Any CPU
	EndGlobalSection
	GlobalSection(SolutionProperties) = preSolution
		HideSolutionNode = FALSE
	EndGlobalSection
	GlobalSection(ExtensibilityGlobals) = postSolution
		SolutionGuid = {A00E0817-67C4-45E9-8896-18ADAE10F720}
	EndGlobalSection
EndGlobal
